
Microsoft Visual Studio Solution File, Format Version 12.00
# Visual Studio Version 16
VisualStudioVersion = 16.0.31313.381
MinimumVisualStudioVersion = 10.0.40219.1
Project("{8BC9CEB8-8B4A-11D0-8D11-00A0C91BC942}") = "Odeint", "Odeint\Odeint.vcxproj", "{36CC953E-4CEE-404E-B23B-DCC7C69C6293}"
EndProject
Global
	GlobalSection(SolutionConfigurationPlatforms) = preSolution
		Debug|x64 = Debug|x64
		Debug|x86 = Debug|x86
		Release|x64 = Release|x64
		Release|x86 = Release|x86
	EndGlobalSection
	GlobalSection(ProjectConfigurationPlatforms) = postSolution
		{36CC953E-4CEE-404E-B23B-DCC7C69C6293}.Debug|x64.ActiveCfg = Debug|x64
		{36CC953E-4CEE-404E-B23B-DCC7C69C6293}.Debug|x64.Build.0 = Debug|x64
		{36CC953E-4CEE-404E-B23B-DCC7C69C6293}.Debug|x86.ActiveCfg = Debug|Win32
		{36CC953E-4CEE-404E-B23B-DCC7C69C6293}.Debug|x86.Build.0 = Debug|Win32
		{36CC953E-4CEE-404E-B23B-DCC7C69C6293}.Release|x64.ActiveCfg = Release|x64
		{36CC953E-4CEE-404E-B23B-DCC7C69C6293}.Release|x64.Build.0 = Release|x64
		{36CC953E-4CEE-404E-B23B-DCC7C69C6293}.Release|x86.ActiveCfg = Release|Win32
		{36CC953E-4CEE-404E-B23B-DCC7C69C6293}.Release|x86.Build.0 = Release|Win32
	EndGlobalSection
	GlobalSection(SolutionProperties) = preSolution
		HideSolutionNode = FALSE
	EndGlobalSection
	GlobalSection(ExtensibilityGlobals) = postSolution
		SolutionGuid = {A7DD3598-16D2-4C1D-B5FE-D909A15ADBEE}
	EndGlobalSection
EndGlobal
